
Microsoft Visual Studio Solution File, Format Version 12.00
# Visual Studio Version 17
VisualStudioVersion = 17.9.34728.123
MinimumVisualStudioVersion = 10.0.40219.1
Project("{FAE04EC0-301F-11D3-BF4B-00C04F79EFBC}") = "ip", "ip\ip.csproj", "{3751F3CF-10C1-4A33-993E-26D23B12DA9C}"
EndProject
Global
	GlobalSection(SolutionConfigurationPlatforms) = preSolution
		Debug|Any CPU = Debug|Any CPU
		Release|Any CPU = Release|Any CPU
	EndGlobalSection
	GlobalSection(ProjectConfigurationPlatforms) = postSolution
		{3751F3CF-10C1-4A33-993E-26D23B12DA9C}.Debug|Any CPU.ActiveCfg = Debug|Any CPU
		{3751F3CF-10C1-4A33-993E-26D23B12DA9C}.Debug|Any CPU.Build.0 = Debug|Any CPU
		{3751F3CF-10C1-4A33-993E-26D23B12DA9C}.Release|Any CPU.ActiveCfg = Release|Any CPU
		{3751F3CF-10C1-4A33-993E-26D23B12DA9C}.Release|Any CPU.Build.0 = Release|Any CPU
	EndGlobalSection
	GlobalSection(SolutionProperties) = preSolution
		HideSolutionNode = FALSE
	EndGlobalSection
	GlobalSection(ExtensibilityGlobals) = postSolution
		SolutionGuid = {47D30DE7-239B-4163-94C7-0AD380949A9A}
	EndGlobalSection
EndGlobal
